lockfileVersion: '9.0'

settings:
  autoInstallPeers: true
  excludeLinksFromLockfile: false

importers:

  .:
    dependencies:
      mailosaur:
        specifier: 11.0.2
        version: 11.0.2(@types/node@24.10.13)
    devDependencies:
      '@types/node':
        specifier: 24.10.13
        version: 24.10.13
      typescript:
        specifier: 5.9.3
        version: 5.9.3

packages:

  '@types/node@24.10.13':
    resolution: {integrity: sha512-oH72nZRfDv9lADUBSo104Aq7gPHpQZc4BTx38r9xf9pg5LfP6EzSyH2n7qFmmxRQXh7YlUXODcYsg6PuTDSxGg==}

  agent-base@7.1.4:
    resolution: {integrity: sha512-MnA+YT8fwfJPgBx3m60MNqakm30XOkyIoH1y6huTQvC0PwZG7ki8NacLBcrPbNoo8vEZy7Jpuk7+jMO+CUovTQ==}
    engines: {node: '>= 14'}

  debug@4.4.3:
    resolution: {integrity: sha512-RGwwWnwQvkVfavKVt22FGLw+xYSdzARwm0ru6DhTVA3umU5hZc28V3kO4stgYryrTlLpuvgI9GiijltAjNbcqA==}
    engines: {node: '>=6.0'}
    peerDependencies:
      supports-color: '*'
    peerDependenciesMeta:
      supports-color:
        optional: true

  https-proxy-agent@7.0.6:
    resolution: {integrity: sha512-vK9P5/iUfdl95AI+JVyUuIcVtd4ofvtrOr3HNtM2yxC9bnMbEdp3x01OhQNnjb8IJYi38VlTE3mBXwcfvywuSw==}
    engines: {node: '>= 14'}

  mailosaur@11.0.2:
    resolution: {integrity: sha512-8H1AcP396nTvJiAFOCVa4g7gOYvdY2SHokKWy/uwZvDewr3OYoDcL/cvmiNp+q/Wkhoo5YwDZL8NnsxS2WZ8JA==}
    engines: {node: '>=16'}
    peerDependencies:
      '@types/node': '>=16'
    peerDependenciesMeta:
      '@types/node':
        optional: true

  ms@2.1.3:
    resolution: {integrity: sha512-6FlzubTLZG3J2a/NVCAleEhjzq5oxgHyaCU9yYXvcLsvoVaHJq/s5xXI6/XXP6tz7R9xAOtHnSO/tXtF3WRTlA==}

  typescript@5.9.3:
    resolution: {integrity: sha512-jl1vZzPDinLr9eUt3J/t7V6FgNEw9QjvBPdysz9KfQDD41fQrC2Y4vKQdiaUpFT4bXlb1RHhLpp8wtm6M5TgSw==}
    engines: {node: '>=14.17'}
    hasBin: true

  undici-types@7.16.0:
    resolution: {integrity: sha512-Zz+aZWSj8LE6zoxD+xrjh4VfkIG8Ya6LvYkZqtUQGJPZjYl53ypCaUwWqo7eI0x66KBGeRo+mlBEkMSeSZ38Nw==}

snapshots:

  '@types/node@24.10.13':
    dependencies:
      undici-types: 7.16.0

  agent-base@7.1.4: {}

  debug@4.4.3:
    dependencies:
      ms: 2.1.3

  https-proxy-agent@7.0.6:
    dependencies:
      agent-base: 7.1.4
      debug: 4.4.3
    transitivePeerDependencies:
      - supports-color

  mailosaur@11.0.2(@types/node@24.10.13):
    dependencies:
      https-proxy-agent: 7.0.6
    optionalDependencies:
      '@types/node': 24.10.13
    transitivePeerDependencies:
      - supports-color

  ms@2.1.3: {}

  typescript@5.9.3: {}

  undici-types@7.16.0: {}
